lockfileVersion: 5.4

importers:

  .:
    specifiers:
      esbuild: 0.14.43
      vue: ^3.2.47
    dependencies:
      vue: 3.2.47
    devDependencies:
      esbuild: 0.14.43

packages:

  /@babel/helper-string-parser/7.19.4:
    resolution: {integrity: sha512-nHtDoQcuqFmwYNYPz3Rah5ph2p8PFeFCsZk9A/48dPc/rGocJ5J3hAAZ7pb76VWX3fZKu+uEr/FhH5jLx7umrw==}
    engines: {node: '>=6.9.0'}
    dev: false

  /@babel/helper-validator-identifier/7.19.1:
    resolution: {integrity: sha512-awrNfaMtnHUr653GgGEs++LlAvW6w+DcPrOliSMXWCKo597CwL5Acf/wWdNkf/tfEQE3mjkeD1YOVZOUV/od1w==}
    engines: {node: '>=6.9.0'}
    dev: false

  /@babel/parser/7.21.4:
    resolution: {integrity: sha512-alVJj7k7zIxqBZ7BTRhz0IqJFxW1VJbm6N8JbcYhQ186df9ZBPbZBmWSqAMXwHGsCJdYks7z/voa3ibiS5bCIw==}
    engines: {node: '>=6.0.0'}
    hasBin: true
    dependencies:
      '@babel/types': 7.21.4
    dev: false

  /@babel/types/7.21.4:
    resolution: {integrity: sha512-rU2oY501qDxE8Pyo7i/Orqma4ziCOrby0/9mvbDUGEfvZjb279Nk9k19e2fiCxHbRRpY2ZyrgW1eq22mvmOIzA==}
    engines: {node: '>=6.9.0'}
    dependencies:
      '@babel/helper-string-parser': 7.19.4
      '@babel/helper-validator-identifier': 7.19.1
      to-fast-properties: r2.cnpmjs.org/to-fast-properties/2.0.0
    dev: false

  /@vue/compiler-core/3.2.47:
    resolution: {integrity: sha512-p4D7FDnQb7+YJmO2iPEv0SQNeNzcbHdGByJDsT4lynf63AFkOTFN07HsiRSvjGo0QrxR/o3d0hUyNCUnBU2Tig==}
    dependencies:
      '@babel/parser': 7.21.4
      '@vue/shared': 3.2.47
      estree-walker: r2.cnpmjs.org/estree-walker/2.0.2
      source-map: r2.cnpmjs.org/source-map/0.6.1
    dev: false

  /@vue/compiler-dom/3.2.47:
    resolution: {integrity: sha512-dBBnEHEPoftUiS03a4ggEig74J2YBZ2UIeyfpcRM2tavgMWo4bsEfgCGsu+uJIL/vax9S+JztH8NmQerUo7shQ==}
    dependencies:
      '@vue/compiler-core': 3.2.47
      '@vue/shared': 3.2.47
    dev: false

  /@vue/compiler-sfc/3.2.47:
    resolution: {integrity: sha512-rog05W+2IFfxjMcFw10tM9+f7i/+FFpZJJ5XHX72NP9eC2uRD+42M3pYcQqDXVYoj74kHMSEdQ/WmCjt8JFksQ==}
    dependencies:
      '@babel/parser': 7.21.4
      '@vue/compiler-core': 3.2.47
      '@vue/compiler-dom': 3.2.47
      '@vue/compiler-ssr': 3.2.47
      '@vue/reactivity-transform': 3.2.47
      '@vue/shared': 3.2.47
      estree-walker: r2.cnpmjs.org/estree-walker/2.0.2
      magic-string: 0.25.9
      postcss: 8.4.21
      source-map: r2.cnpmjs.org/source-map/0.6.1
    dev: false

  /@vue/compiler-ssr/3.2.47:
    resolution: {integrity: sha512-wVXC+gszhulcMD8wpxMsqSOpvDZ6xKXSVWkf50Guf/S+28hTAXPDYRTbLQ3EDkOP5Xz/+SY37YiwDquKbJOgZw==}
    dependencies:
      '@vue/compiler-dom': 3.2.47
      '@vue/shared': 3.2.47
    dev: false

  /@vue/reactivity-transform/3.2.47:
    resolution: {integrity: sha512-m8lGXw8rdnPVVIdIFhf0LeQ/ixyHkH5plYuS83yop5n7ggVJU+z5v0zecwEnX7fa7HNLBhh2qngJJkxpwEEmYA==}
    dependencies:
      '@babel/parser': 7.21.4
      '@vue/compiler-core': 3.2.47
      '@vue/shared': 3.2.47
      estree-walker: r2.cnpmjs.org/estree-walker/2.0.2
      magic-string: 0.25.9
    dev: false

  /@vue/reactivity/3.2.47:
    resolution: {integrity: sha512-7khqQ/75oyyg+N/e+iwV6lpy1f5wq759NdlS1fpAhFXa8VeAIKGgk2E/C4VF59lx5b+Ezs5fpp/5WsRYXQiKxQ==}
    dependencies:
      '@vue/shared': 3.2.47
    dev: false

  /@vue/runtime-core/3.2.47:
    resolution: {integrity: sha512-RZxbLQIRB/K0ev0K9FXhNbBzT32H9iRtYbaXb0ZIz2usLms/D55dJR2t6cIEUn6vyhS3ALNvNthI+Q95C+NOpA==}
    dependencies:
      '@vue/reactivity': 3.2.47
      '@vue/shared': 3.2.47
    dev: false

  /@vue/runtime-dom/3.2.47:
    resolution: {integrity: sha512-ArXrFTjS6TsDei4qwNvgrdmHtD930KgSKGhS5M+j8QxXrDJYLqYw4RRcDy1bz1m1wMmb6j+zGLifdVHtkXA7gA==}
    dependencies:
      '@vue/runtime-core': 3.2.47
      '@vue/shared': 3.2.47
      csstype: 2.6.21
    dev: false

  /@vue/server-renderer/3.2.47_vue@3.2.47:
    resolution: {integrity: sha512-dN9gc1i8EvmP9RCzvneONXsKfBRgqFeFZLurmHOveL7oH6HiFXJw5OGu294n1nHc/HMgTy6LulU/tv5/A7f/LA==}
    peerDependencies:
      vue: 3.2.47
    dependencies:
      '@vue/compiler-ssr': 3.2.47
      '@vue/shared': 3.2.47
      vue: 3.2.47
    dev: false

  /@vue/shared/3.2.47:
    resolution: {integrity: sha512-BHGyyGN3Q97EZx0taMQ+OLNuZcW3d37ZEVmEAyeoA9ERdGvm9Irc/0Fua8SNyOtV1w6BS4q25wbMzJujO9HIfQ==}
    dev: false

  /csstype/2.6.21:
    resolution: {integrity: sha512-Z1PhmomIfypOpoMjRQB70jfvy/wxT50qW08YXO5lMIJkrdq4yOTR+AW7FqutScmB9NkLwxo+jU+kZLbofZZq/w==}
    dev: false

  /esbuild-android-64/0.14.43:
    resolution: {integrity: sha512-kqFXAS72K6cNrB6RiM7YJ5lNvmWRDSlpi7ZuRZ1hu1S3w0zlwcoCxWAyM23LQUyZSs1PbjHgdbbfYAN8IGh6xg==}
    engines: {node: '>=12'}
    cpu: [x64]
    os: [android]
    requiresBuild: true
    dev: true
    optional: true

  /esbuild-android-arm64/0.14.43:
    resolution: {integrity: sha512-bKS2BBFh+7XZY9rpjiHGRNA7LvWYbZWP87pLehggTG7tTaCDvj8qQGOU/OZSjCSKDYbgY7Q+oDw8RlYQ2Jt2BA==}
    engines: {node: '>=12'}
    cpu: [arm64]
    os: [android]
    requiresBuild: true
    dev: true
    optional: true

  /esbuild-darwin-64/0.14.43:
    resolution: {integrity: sha512-/3PSilx011ttoieRGkSZ0XV8zjBf2C9enV4ScMMbCT4dpx0mFhMOpFnCHkOK0pWGB8LklykFyHrWk2z6DENVUg==}
    engines: {node: '>=12'}
    cpu: [x64]
    os: [darwin]
    requiresBuild: true
    dev: true
    optional: true

  /esbuild-darwin-arm64/0.14.43:
    resolution: {integrity: sha512-1HyFUKs8DMCBOvw1Qxpr5Vv/ThNcVIFb5xgXWK3pyT40WPvgYIiRTwJCvNs4l8i5qWF8/CK5bQxJVDjQvtv0Yw==}
    engines: {node: '>=12'}
    cpu: [arm64]
    os: [darwin]
    requiresBuild: true
    dev: true
    optional: true

  /esbuild-freebsd-64/0.14.43:
    resolution: {integrity: sha512-FNWc05TPHYgaXjbPZO5/rJKSBslfG6BeMSs8GhwnqAKP56eEhvmzwnIz1QcC9cRVyO+IKqWNfmHFkCa1WJTULA==}
    engines: {node: '>=12'}
    cpu: [x64]
    os: [freebsd]
    requiresBuild: true
    dev: true
    optional: true

  /esbuild-freebsd-arm64/0.14.43:
    resolution: {integrity: sha512-amrYopclz3VohqisOPR6hA3GOWA3LZC1WDLnp21RhNmoERmJ/vLnOpnrG2P/Zao+/erKTCUqmrCIPVtj58DRoA==}
    engines: {node: '>=12'}
    cpu: [arm64]
    os: [freebsd]
    requiresBuild: true
    dev: true
    optional: true

  /esbuild-linux-32/0.14.43:
    resolution: {integrity: sha512-KoxoEra+9O3AKVvgDFvDkiuddCds6q71owSQEYwjtqRV7RwbPzKxJa6+uyzUulHcyGVq0g15K0oKG5CFBcvYDw==}
    engines: {node: '>=12'}
    cpu: [ia32]
    os: [linux]
    requiresBuild: true
    dev: true
    optional: true

  /esbuild-linux-64/0.14.43:
    resolution: {integrity: sha512-EwINwGMyiJMgBby5/SbMqKcUhS5AYAZ2CpEBzSowsJPNBJEdhkCTtEjk757TN/wxgbu3QklqDM6KghY660QCUw==}
    engines: {node: '>=12'}
    cpu: [x64]
    os: [linux]
    requiresBuild: true
    dev: true
    optional: true

  /esbuild-linux-arm/0.14.43:
    resolution: {integrity: sha512-e6YzQUoDxxtyamuF12eVzzRC7bbEFSZohJ6igQB9tBqnNmIQY3fI6Cns3z2wxtbZ3f2o6idkD2fQnlvs2902Dg==}
    engines: {node: '>=12'}
    cpu: [arm]
    os: [linux]
    requiresBuild: true
    dev: true
    optional: true

  /esbuild-linux-arm64/0.14.43:
    resolution: {integrity: sha512-UlSpjMWllAc70zYbHxWuDS3FJytyuR/gHJYBr8BICcTNb/TSOYVBg6U7b3jZ3mILTrgzwJUHwhEwK18FZDouUQ==}
    engines: {node: '>=12'}
    cpu: [arm64]
    os: [linux]
    requiresBuild: true
    dev: true
    optional: true

  /esbuild-linux-mips64le/0.14.43:
    resolution: {integrity: sha512-f+v8cInPEL1/SDP//CfSYzcDNgE4CY3xgDV81DWm3KAPWzhvxARrKxB1Pstf5mB56yAslJDxu7ryBUPX207EZA==}
    engines: {node: '>=12'}
    cpu: [mips64el]
    os: [linux]
    requiresBuild: true
    dev: true
    optional: true

  /esbuild-linux-ppc64le/0.14.43:
    resolution: {integrity: sha512-5wZYMDGAL/K2pqkdIsW+I4IR41kyfHr/QshJcNpUfK3RjB3VQcPWOaZmc+74rm4ZjVirYrtz+jWw0SgxtxRanA==}
    engines: {node: '>=12'}
    cpu: [ppc64]
    os: [linux]
    requiresBuild: true
    dev: true
    optional: true

  /esbuild-linux-riscv64/0.14.43:
    resolution: {integrity: sha512-lYcAOUxp85hC7lSjycJUVSmj4/9oEfSyXjb/ua9bNl8afonaduuqtw7hvKMoKuYnVwOCDw4RSfKpcnIRDWq+Bw==}
    engines: {node: '>=12'}
    cpu: [riscv64]
    os: [linux]
    requiresBuild: true
    dev: true
    optional: true

  /esbuild-linux-s390x/0.14.43:
    resolution: {integrity: sha512-27e43ZhHvhFE4nM7HqtUbMRu37I/4eNSUbb8FGZWszV+uLzMIsHDwLoBiJmw7G9N+hrehNPeQ4F5Ujad0DrUKQ==}
    engines: {node: '>=12'}
    cpu: [s390x]
    os: [linux]
    requiresBuild: true
    dev: true
    optional: true

  /esbuild-netbsd-64/0.14.43:
    resolution: {integrity: sha512-2mH4QF6hHBn5zzAfxEI/2eBC0mspVsZ6UVo821LpAJKMvLJPBk3XJO5xwg7paDqSqpl7p6IRrAenW999AEfJhQ==}
    engines: {node: '>=12'}
    cpu: [x64]
    os: [netbsd]
    requiresBuild: true
    dev: true
    optional: true

  /esbuild-openbsd-64/0.14.43:
    resolution: {integrity: sha512-ZhQpiZjvqCqO8jKdGp9+8k9E/EHSA+zIWOg+grwZasI9RoblqJ1QiZqqi7jfd6ZrrG1UFBNGe4m0NFxCFbMVbg==}
    engines: {node: '>=12'}
    cpu: [x64]
    os: [openbsd]
    requiresBuild: true
    dev: true
    optional: true

  /esbuild-sunos-64/0.14.43:
    resolution: {integrity: sha512-DgxSi9DaHReL9gYuul2rrQCAapgnCJkh3LSHPKsY26zytYppG0HgkgVF80zjIlvEsUbGBP/GHQzBtrezj/Zq1Q==}
    engines: {node: '>=12'}
    cpu: [x64]
    os: [sunos]
    requiresBuild: true
    dev: true
    optional: true

  /esbuild-windows-32/0.14.43:
    resolution: {integrity: sha512-Ih3+2O5oExiqm0mY6YYE5dR0o8+AspccQ3vIAtRodwFvhuyGLjb0Hbmzun/F3Lw19nuhPMu3sW2fqIJ5xBxByw==}
    engines: {node: '>=12'}
    cpu: [ia32]
    os: [win32]
    requiresBuild: true
    dev: true
    optional: true

  /esbuild-windows-64/0.14.43:
    resolution: {integrity: sha512-8NsuNfI8xwFuJbrCuI+aBqNTYkrWErejFO5aYM+yHqyHuL8mmepLS9EPzAzk8rvfaJrhN0+RvKWAcymViHOKEw==}
    engines: {node: '>=12'}
    cpu: [x64]
    os: [win32]
    requiresBuild: true
    dev: true
    optional: true

  /esbuild-windows-arm64/0.14.43:
    resolution: {integrity: sha512-7ZlD7bo++kVRblJEoG+cepljkfP8bfuTPz5fIXzptwnPaFwGS6ahvfoYzY7WCf5v/1nX2X02HDraVItTgbHnKw==}
    engines: {node: '>=12'}
    cpu: [arm64]
    os: [win32]
    requiresBuild: true
    dev: true
    optional: true

  /esbuild/0.14.43:
    resolution: {integrity: sha512-Uf94+kQmy/5jsFwKWiQB4hfo/RkM9Dh7b79p8yqd1tshULdr25G2szLz631NoH3s2ujnKEKVD16RmOxvCNKRFA==}
    engines: {node: '>=12'}
    hasBin: true
    requiresBuild: true
    optionalDependencies:
      esbuild-android-64: 0.14.43
      esbuild-android-arm64: 0.14.43
      esbuild-darwin-64: 0.14.43
      esbuild-darwin-arm64: 0.14.43
      esbuild-freebsd-64: 0.14.43
      esbuild-freebsd-arm64: 0.14.43
      esbuild-linux-32: 0.14.43
      esbuild-linux-64: 0.14.43
      esbuild-linux-arm: 0.14.43
      esbuild-linux-arm64: 0.14.43
      esbuild-linux-mips64le: 0.14.43
      esbuild-linux-ppc64le: 0.14.43
      esbuild-linux-riscv64: 0.14.43
      esbuild-linux-s390x: 0.14.43
      esbuild-netbsd-64: 0.14.43
      esbuild-openbsd-64: 0.14.43
      esbuild-sunos-64: 0.14.43
      esbuild-windows-32: 0.14.43
      esbuild-windows-64: 0.14.43
      esbuild-windows-arm64: 0.14.43
    dev: true

  /magic-string/0.25.9:
    resolution: {integrity: sha512-RmF0AsMzgt25qzqqLc1+MbHmhdx0ojF2Fvs4XnOqz2ZOBXzzkEwc/dJQZCYHAn7v1jbVOjAZfK8msRn4BxO4VQ==}
    dependencies:
      sourcemap-codec: r2.cnpmjs.org/sourcemap-codec/1.4.8
    dev: false

  /nanoid/3.3.6:
    resolution: {integrity: sha512-BGcqMMJuToF7i1rt+2PWSNVnWIkGCU78jBG3RxO/bZlnZPK2Cmi2QaffxGO/2RvWi9sL+FAiRiXMgsyxQ1DIDA==}
    engines: {node: ^10 || ^12 || ^13.7 || ^14 || >=15.0.1}
    hasBin: true
    dev: false

  /postcss/8.4.21:
    resolution: {integrity: sha512-tP7u/Sn/dVxK2NnruI4H9BG+x+Wxz6oeZ1cJ8P6G/PZY0IKk4k/63TDsQf2kQq3+qoJeLm2kIBUNlZe3zgb4Zg==}
    engines: {node: ^10 || ^12 || >=14}
    dependencies:
      nanoid: 3.3.6
      picocolors: r2.cnpmjs.org/picocolors/1.0.0
      source-map-js: 1.0.2
    dev: false

  /source-map-js/1.0.2:
    resolution: {integrity: sha512-R0XvVJ9WusLiqTCEiGCmICCMplcCkIwwR11mOSD9CR5u+IXYdiseeEuXCVAjS54zqwkLcPNnmU4OeJ6tUrWhDw==}
    engines: {node: '>=0.10.0'}
    dev: false

  /vue/3.2.47:
    resolution: {integrity: sha512-60188y/9Dc9WVrAZeUVSDxRQOZ+z+y5nO2ts9jWXSTkMvayiWxCWOWtBQoYjLeccfXkiiPZWAHcV+WTPhkqJHQ==}
    dependencies:
      '@vue/compiler-dom': 3.2.47
      '@vue/compiler-sfc': 3.2.47
      '@vue/runtime-dom': 3.2.47
      '@vue/server-renderer': 3.2.47_vue@3.2.47
      '@vue/shared': 3.2.47
    dev: false

  r2.cnpmjs.org/estree-walker/2.0.2:
    resolution: {integrity: sha512-Rfkk/Mp/DL7JVje3u18FxFujQlTNR2q6QfMSMB7AvCBx91NGj/ba3kCfza0f6dVDbw7YlRf/nDrn7pQrCCyQ/w==, registry: https://r.cnpmjs.org/, tarball: https://r2.cnpmjs.org/estree-walker/-/estree-walker-2.0.2.tgz}
    name: estree-walker
    version: 2.0.2
    dev: false

  r2.cnpmjs.org/picocolors/1.0.0:
    resolution: {integrity: sha512-1fygroTLlHu66zi26VoTDv8yRgm0Fccecssto+MhsZ0D/DGW2sm8E8AjW7NU5VVTRt5GxbeZ5qBuJr+HyLYkjQ==, registry: https://r.cnpmjs.org/, tarball: https://r2.cnpmjs.org/picocolors/-/picocolors-1.0.0.tgz}
    name: picocolors
    version: 1.0.0
    dev: false

  r2.cnpmjs.org/source-map/0.6.1:
    resolution: {integrity: sha512-UjgapumWlbMhkBgzT7Ykc5YXUT46F0iKu8SGXq0bcwP5dz/h0Plj6enJqjz1Zbq2l5WaqYnrVbwWOWMyF3F47g==, registry: https://r.cnpmjs.org/, tarball: https://r2.cnpmjs.org/source-map/-/source-map-0.6.1.tgz}
    name: source-map
    version: 0.6.1
    engines: {node: '>=0.10.0'}
    dev: false

  r2.cnpmjs.org/sourcemap-codec/1.4.8:
    resolution: {integrity: sha512-9NykojV5Uih4lgo5So5dtw+f0JgJX30KCNI8gwhz2J9A15wD0Ml6tjHKwf6fTSa6fAdVBdZeNOs9eJ71qCk8vA==, registry: https://r.cnpmjs.org/, tarball: https://r2.cnpmjs.org/sourcemap-codec/-/sourcemap-codec-1.4.8.tgz}
    name: sourcemap-codec
    version: 1.4.8
    deprecated: Please use @jridgewell/sourcemap-codec instead
    dev: false

  r2.cnpmjs.org/to-fast-properties/2.0.0:
    resolution: {integrity: sha512-/OaKK0xYrs3DmxRYqL/yDc+FxFUVYhDlXMhRmv3z915w2HF1tnN1omB354j8VUGO/hbRzyD6Y3sA7v7GS/ceog==, registry: https://r.cnpmjs.org/, tarball: https://r2.cnpmjs.org/to-fast-properties/-/to-fast-properties-2.0.0.tgz}
    name: to-fast-properties
    version: 2.0.0
    engines: {node: '>=4'}
    dev: false
